
Microsoft Visual Studio Solution File, Format Version 12.00
# Visual Studio Version 17
VisualStudioVersion = 17.8.34322.80
MinimumVisualStudioVersion = 10.0.40219.1
Project("{FAE04EC0-301F-11D3-BF4B-00C04F79EFBC}") = "PRG1_GuessANumber_Start", "PRG1_GuessANumber_Start\PRG1_GuessANumber_Start.csproj", "{8604FA2F-5C98-4E7F-8DFC-76D48F14BB11}"
EndProject
Global
	GlobalSection(SolutionConfigurationPlatforms) = preSolution
		Debug|Any CPU = Debug|Any CPU
		Release|Any CPU = Release|Any CPU
	EndGlobalSection
	GlobalSection(ProjectConfigurationPlatforms) = postSolution
		{8604FA2F-5C98-4E7F-8DFC-76D48F14BB11}.Debug|Any CPU.ActiveCfg = Debug|Any CPU
		{8604FA2F-5C98-4E7F-8DFC-76D48F14BB11}.Debug|Any CPU.Build.0 = Debug|Any CPU
		{8604FA2F-5C98-4E7F-8DFC-76D48F14BB11}.Release|Any CPU.ActiveCfg = Release|Any CPU
		{8604FA2F-5C98-4E7F-8DFC-76D48F14BB11}.Release|Any CPU.Build.0 = Release|Any CPU
	EndGlobalSection
	GlobalSection(SolutionProperties) = preSolution
		HideSolutionNode = FALSE
	EndGlobalSection
	GlobalSection(ExtensibilityGlobals) = postSolution
		SolutionGuid = {4B6254F1-76B7-48CF-880E-0A8A21255BBD}
	EndGlobalSection
EndGlobal
